
Microsoft Visual Studio Solution File, Format Version 12.00
# Visual Studio Version 17
VisualStudioVersion = 17.14.36908.2 d17.14
MinimumVisualStudioVersion = 10.0.40219.1
Project("{FAE04EC0-301F-11D3-BF4B-00C04F79EFBC}") = "Projectthtml", "Projectthtml\Projectthtml.csproj", "{96EED973-FA3D-495F-AE39-955C64410E04}"
EndProject
Global
	GlobalSection(SolutionConfigurationPlatforms) = preSolution
		Debug|Any CPU = Debug|Any CPU
		Release|Any CPU = Release|Any CPU
	EndGlobalSection
	GlobalSection(ProjectConfigurationPlatforms) = postSolution
		{96EED973-FA3D-495F-AE39-955C64410E04}.Debug|Any CPU.ActiveCfg = Debug|Any CPU
		{96EED973-FA3D-495F-AE39-955C64410E04}.Debug|Any CPU.Build.0 = Debug|Any CPU
		{96EED973-FA3D-495F-AE39-955C64410E04}.Release|Any CPU.ActiveCfg = Release|Any CPU
		{96EED973-FA3D-495F-AE39-955C64410E04}.Release|Any CPU.Build.0 = Release|Any CPU
	EndGlobalSection
	GlobalSection(SolutionProperties) = preSolution
		HideSolutionNode = FALSE
	EndGlobalSection
	GlobalSection(ExtensibilityGlobals) = postSolution
		SolutionGuid = {AA2D84F5-FD42-4FF7-8F98-6861334D1DE1}
	EndGlobalSection
EndGlobal
